
Microsoft Visual Studio Solution File, Format Version 12.00
# Visual Studio 15
VisualStudioVersion = 15.0.28307.136
MinimumVisualStudioVersion = 10.0.40219.1
Project("{FAE04EC0-301F-11D3-BF4B-00C04F79EFBC}") = "Epam.Task04_delegates_and_ext.1_custom_sort", "Epam.Task04_delegates_and_ext.1_custom_sort\Epam.Task04_delegates_and_ext.1_custom_sort.csproj", "{E485281C-44AB-4E78-ABAF-C1AFCBC18F66}"
EndProject
Project("{FAE04EC0-301F-11D3-BF4B-00C04F79EFBC}") = "Epam.Task04_delegate_and_ext.2_custom_sort_demo", "Epam.Task04_delegate_and_ext.2_custom_sort_demo\Epam.Task04_delegate_and_ext.2_custom_sort_demo.csproj", "{72229E2D-D9FC-4E2C-9D6F-3B321AF2B7D8}"
EndProject
Global
	GlobalSection(SolutionConfigurationPlatforms) = preSolution
		Debug|Any CPU = Debug|Any CPU
		Release|Any CPU = Release|Any CPU
	EndGlobalSection
	GlobalSection(ProjectConfigurationPlatforms) = postSolution
		{E485281C-44AB-4E78-ABAF-C1AFCBC18F66}.Debug|Any CPU.ActiveCfg = Debug|Any CPU
		{E485281C-44AB-4E78-ABAF-C1AFCBC18F66}.Debug|Any CPU.Build.0 = Debug|Any CPU
		{E485281C-44AB-4E78-ABAF-C1AFCBC18F66}.Release|Any CPU.ActiveCfg = Release|Any CPU
		{E485281C-44AB-4E78-ABAF-C1AFCBC18F66}.Release|Any CPU.Build.0 = Release|Any CPU
		{72229E2D-D9FC-4E2C-9D6F-3B321AF2B7D8}.Debug|Any CPU.ActiveCfg = Debug|Any CPU
		{72229E2D-D9FC-4E2C-9D6F-3B321AF2B7D8}.Debug|Any CPU.Build.0 = Debug|Any CPU
		{72229E2D-D9FC-4E2C-9D6F-3B321AF2B7D8}.Release|Any CPU.ActiveCfg = Release|Any CPU
		{72229E2D-D9FC-4E2C-9D6F-3B321AF2B7D8}.Release|Any CPU.Build.0 = Release|Any CPU
	EndGlobalSection
	GlobalSection(SolutionProperties) = preSolution
		HideSolutionNode = FALSE
	EndGlobalSection
	GlobalSection(ExtensibilityGlobals) = postSolution
		SolutionGuid = {F03472DD-42D7-4B4D-82A3-691F73FBA8E9}
	EndGlobalSection
EndGlobal
