
Microsoft Visual Studio Solution File, Format Version 12.00
# Visual Studio 15
VisualStudioVersion = 15.0.28307.136
MinimumVisualStudioVersion = 10.0.40219.1
Project("{FAE04EC0-301F-11D3-BF4B-00C04F79EFBC}") = "Epam.Task05_files._1_backup_system", "Epam.Task05_files._1_backup_system\Epam.Task05_files._1_backup_system.csproj", "{47F69289-615D-47C1-8E46-EF4E24E32A0E}"
EndProject
Global
	GlobalSection(SolutionConfigurationPlatforms) = preSolution
		Debug|Any CPU = Debug|Any CPU
		Release|Any CPU = Release|Any CPU
	EndGlobalSection
	GlobalSection(ProjectConfigurationPlatforms) = postSolution
		{47F69289-615D-47C1-8E46-EF4E24E32A0E}.Debug|Any CPU.ActiveCfg = Debug|Any CPU
		{47F69289-615D-47C1-8E46-EF4E24E32A0E}.Debug|Any CPU.Build.0 = Debug|Any CPU
		{47F69289-615D-47C1-8E46-EF4E24E32A0E}.Release|Any CPU.ActiveCfg = Release|Any CPU
		{47F69289-615D-47C1-8E46-EF4E24E32A0E}.Release|Any CPU.Build.0 = Release|Any CPU
	EndGlobalSection
	GlobalSection(SolutionProperties) = preSolution
		HideSolutionNode = FALSE
	EndGlobalSection
	GlobalSection(ExtensibilityGlobals) = postSolution
		SolutionGuid = {28FC1C01-D79F-4915-A0C3-4247628F70A0}
	EndGlobalSection
EndGlobal
