
Microsoft Visual Studio Solution File, Format Version 12.00
# Visual Studio 15
VisualStudioVersion = 15.0.28306.52
MinimumVisualStudioVersion = 10.0.40219.1
Project("{FAE04EC0-301F-11D3-BF4B-00C04F79EFBC}") = "Epam.Task02-oop.1 Round", "Epam.Task02-oop.1 Round\Epam.Task02-oop.1 Round.csproj", "{4311B5A3-850C-46F2-BD12-18D21E9F89DE}"
EndProject
Project("{FAE04EC0-301F-11D3-BF4B-00C04F79EFBC}") = "Epam.Task02-oop.2 triangle", "Epam.Task02-oop.2 triangle\Epam.Task02-oop.2 triangle.csproj", "{A8FFC3D5-F728-4EC6-B659-626AC12E991D}"
EndProject
Project("{FAE04EC0-301F-11D3-BF4B-00C04F79EFBC}") = "Epam.Task02-oop.3 user", "Epam.Task02-oop.3 user\Epam.Task02-oop.3 user.csproj", "{20132DA7-EF6F-441A-B22E-26BF073F5B11}"
EndProject
Project("{FAE04EC0-301F-11D3-BF4B-00C04F79EFBC}") = "Epam.Task02-oop.4 my string", "Epam.Task02-oop.4 my string\Epam.Task02-oop.4 my string.csproj", "{CC0BD711-901E-4B0F-9C1D-D8CD2466439D}"
EndProject
Project("{FAE04EC0-301F-11D3-BF4B-00C04F79EFBC}") = "Epam.Task02-oop.5  employee", "Epam.Task02-oop.5  employee\Epam.Task02-oop.5  employee.csproj", "{C79178B8-E352-4FC8-940A-B3C5FE2B0E14}"
EndProject
Global
	GlobalSection(SolutionConfigurationPlatforms) = preSolution
		Debug|Any CPU = Debug|Any CPU
		Release|Any CPU = Release|Any CPU
	EndGlobalSection
	GlobalSection(ProjectConfigurationPlatforms) = postSolution
		{4311B5A3-850C-46F2-BD12-18D21E9F89DE}.Debug|Any CPU.ActiveCfg = Debug|Any CPU
		{4311B5A3-850C-46F2-BD12-18D21E9F89DE}.Debug|Any CPU.Build.0 = Debug|Any CPU
		{4311B5A3-850C-46F2-BD12-18D21E9F89DE}.Release|Any CPU.ActiveCfg = Release|Any CPU
		{4311B5A3-850C-46F2-BD12-18D21E9F89DE}.Release|Any CPU.Build.0 = Release|Any CPU
		{A8FFC3D5-F728-4EC6-B659-626AC12E991D}.Debug|Any CPU.ActiveCfg = Debug|Any CPU
		{A8FFC3D5-F728-4EC6-B659-626AC12E991D}.Debug|Any CPU.Build.0 = Debug|Any CPU
		{A8FFC3D5-F728-4EC6-B659-626AC12E991D}.Release|Any CPU.ActiveCfg = Release|Any CPU
		{A8FFC3D5-F728-4EC6-B659-626AC12E991D}.Release|Any CPU.Build.0 = Release|Any CPU
		{20132DA7-EF6F-441A-B22E-26BF073F5B11}.Debug|Any CPU.ActiveCfg = Debug|Any CPU
		{20132DA7-EF6F-441A-B22E-26BF073F5B11}.Debug|Any CPU.Build.0 = Debug|Any CPU
		{20132DA7-EF6F-441A-B22E-26BF073F5B11}.Release|Any CPU.ActiveCfg = Release|Any CPU
		{20132DA7-EF6F-441A-B22E-26BF073F5B11}.Release|Any CPU.Build.0 = Release|Any CPU
		{CC0BD711-901E-4B0F-9C1D-D8CD2466439D}.Debug|Any CPU.ActiveCfg = Debug|Any CPU
		{CC0BD711-901E-4B0F-9C1D-D8CD2466439D}.Debug|Any CPU.Build.0 = Debug|Any CPU
		{CC0BD711-901E-4B0F-9C1D-D8CD2466439D}.Release|Any CPU.ActiveCfg = Release|Any CPU
		{CC0BD711-901E-4B0F-9C1D-D8CD2466439D}.Release|Any CPU.Build.0 = Release|Any CPU
		{C79178B8-E352-4FC8-940A-B3C5FE2B0E14}.Debug|Any CPU.ActiveCfg = Debug|Any CPU
		{C79178B8-E352-4FC8-940A-B3C5FE2B0E14}.Debug|Any CPU.Build.0 = Debug|Any CPU
		{C79178B8-E352-4FC8-940A-B3C5FE2B0E14}.Release|Any CPU.ActiveCfg = Release|Any CPU
		{C79178B8-E352-4FC8-940A-B3C5FE2B0E14}.Release|Any CPU.Build.0 = Release|Any CPU
	EndGlobalSection
	GlobalSection(SolutionProperties) = preSolution
		HideSolutionNode = FALSE
	EndGlobalSection
	GlobalSection(ExtensibilityGlobals) = postSolution
		SolutionGuid = {AD5F6E4B-D518-493D-A653-6FDBB253C24C}
	EndGlobalSection
EndGlobal
