
Microsoft Visual Studio Solution File, Format Version 12.00
# Visual Studio 15
VisualStudioVersion = 15.0.28306.52
MinimumVisualStudioVersion = 10.0.40219.1
Project("{FAE04EC0-301F-11D3-BF4B-00C04F79EFBC}") = "Epam.Task1_1.1_Rectangle", "Epam.Task1_1.1_Rectangle\Epam.Task1_1.1_Rectangle.csproj", "{560E3A06-DA17-418E-9F74-317147D671B1}"
EndProject
Project("{FAE04EC0-301F-11D3-BF4B-00C04F79EFBC}") = "Epam.Task1_1.2_Triangle", "2_Triangle\Epam.Task1_1.2_Triangle.csproj", "{4BDA48C9-F076-482C-9A34-D3DE5F966C9D}"
EndProject
Global
	GlobalSection(SolutionConfigurationPlatforms) = preSolution
		Debug|Any CPU = Debug|Any CPU
		Release|Any CPU = Release|Any CPU
	EndGlobalSection
	GlobalSection(ProjectConfigurationPlatforms) = postSolution
		{560E3A06-DA17-418E-9F74-317147D671B1}.Debug|Any CPU.ActiveCfg = Debug|Any CPU
		{560E3A06-DA17-418E-9F74-317147D671B1}.Debug|Any CPU.Build.0 = Debug|Any CPU
		{560E3A06-DA17-418E-9F74-317147D671B1}.Release|Any CPU.ActiveCfg = Release|Any CPU
		{560E3A06-DA17-418E-9F74-317147D671B1}.Release|Any CPU.Build.0 = Release|Any CPU
		{4BDA48C9-F076-482C-9A34-D3DE5F966C9D}.Debug|Any CPU.ActiveCfg = Debug|Any CPU
		{4BDA48C9-F076-482C-9A34-D3DE5F966C9D}.Debug|Any CPU.Build.0 = Debug|Any CPU
		{4BDA48C9-F076-482C-9A34-D3DE5F966C9D}.Release|Any CPU.ActiveCfg = Release|Any CPU
		{4BDA48C9-F076-482C-9A34-D3DE5F966C9D}.Release|Any CPU.Build.0 = Release|Any CPU
	EndGlobalSection
	GlobalSection(SolutionProperties) = preSolution
		HideSolutionNode = FALSE
	EndGlobalSection
	GlobalSection(ExtensibilityGlobals) = postSolution
		SolutionGuid = {E1BC227D-F696-4903-A896-2318337C5277}
	EndGlobalSection
EndGlobal
